
Microsoft Visual Studio Solution File, Format Version 12.00
# Visual Studio Version 16
VisualStudioVersion = 16.0.31911.196
MinimumVisualStudioVersion = 10.0.40219.1
Project("{2150E333-8FDC-42A3-9474-1A3956D46DE8}") = "ShopManagement", "ShopManagement", "{D48489BA-B427-4C5E-AE0C-7AE2F49F4F2D}"
EndProject
Project("{2150E333-8FDC-42A3-9474-1A3956D46DE8}") = "SM.Domain", "SM.Domain", "{2715669B-BDAA-404D-BDD3-8260F14C1DAF}"
EndProject
Project("{9A19103F-16F7-4668-BE54-9A1E7A4F7556}") = "ShopManagement.Domain", "ShopManagement.Domain\ShopManagement.Domain.csproj", "{B0015F73-888C-4692-B38C-15073B5506A9}"
EndProject
Project("{9A19103F-16F7-4668-BE54-9A1E7A4F7556}") = "0_Framework", "0_Framework\0_Framework.csproj", "{ED1E8B90-84B0-4CB4-B182-2A18C96B9460}"
EndProject
Project("{2150E333-8FDC-42A3-9474-1A3956D46DE8}") = "SM.Application", "SM.Application", "{C0926502-28F9-4BEB-BA94-8D9D95D89E43}"
EndProject
Project("{9A19103F-16F7-4668-BE54-9A1E7A4F7556}") = "ShopManagement.Application.Contracts", "ShopManagement.Application.Contracts\ShopManagement.Application.Contracts.csproj", "{E3228A89-25B7-497B-9A11-3F2450A5FEAD}"
EndProject
Project("{9A19103F-16F7-4668-BE54-9A1E7A4F7556}") = "ShopManagement.Application", "ShopManagement.Application\ShopManagement.Application.csproj", "{FD40A8E9-E375-4FBB-9F16-B27489117F8E}"
EndProject
Project("{2150E333-8FDC-42A3-9474-1A3956D46DE8}") = "SM.Infrastructure", "SM.Infrastructure", "{0B25A55E-5C22-4F5D-9C63-6987ADD3BA24}"
EndProject
Project("{9A19103F-16F7-4668-BE54-9A1E7A4F7556}") = "ShopManagement.Infrastructure.EFCore", "ShopManagement.Infrastructure.EFCore\ShopManagement.Infrastructure.EFCore.csproj", "{9E6D063C-A269-4D91-BF00-152DBA1B10B0}"
EndProject
Project("{9A19103F-16F7-4668-BE54-9A1E7A4F7556}") = "ShopManagement.Configuration", "ShopManagement.Configuration\ShopManagement.Configuration.csproj", "{3FF21AF2-ECF9-4755-83A3-FB6C7F93C060}"
EndProject
Project("{9A19103F-16F7-4668-BE54-9A1E7A4F7556}") = "ServiceHost", "ServiceHost\ServiceHost.csproj", "{F83AFD41-ED29-4E86-8E57-822DA9B6C020}"
EndProject
Project("{9A19103F-16F7-4668-BE54-9A1E7A4F7556}") = "01_LampshadeQuery", "01_LampshadeQuery\01_LampshadeQuery.csproj", "{273BB612-000F-4D46-B2E8-495161B952F2}"
EndProject
Project("{2150E333-8FDC-42A3-9474-1A3956D46DE8}") = "DiscountManagement", "DiscountManagement", "{A4328B35-8BA0-4E6C-93CD-CFD0E0AC035D}"
EndProject
Project("{2150E333-8FDC-42A3-9474-1A3956D46DE8}") = "DM.Domain", "DM.Domain", "{D6A81C0C-DC0F-4466-B2CD-25D62DC50787}"
EndProject
Project("{9A19103F-16F7-4668-BE54-9A1E7A4F7556}") = "DiscountManagement.Domain", "DiscountManagement.Domain\DiscountManagement.Domain.csproj", "{2E7E04CE-216F-494B-BF14-3FA8EBDE1302}"
	ProjectSection(ProjectDependencies) = postProject
		{ED1E8B90-84B0-4CB4-B182-2A18C96B9460} = {ED1E8B90-84B0-4CB4-B182-2A18C96B9460}
	EndProjectSection
EndProject
Project("{2150E333-8FDC-42A3-9474-1A3956D46DE8}") = "DM.Infrastructure", "DM.Infrastructure", "{4750C61D-C2CA-4BFC-A85C-823B12E99CBF}"
EndProject
Project("{2150E333-8FDC-42A3-9474-1A3956D46DE8}") = "DM.Application", "DM.Application", "{F0F9F9F3-2032-45F2-805C-60D2EFB4DCD9}"
EndProject
Project("{9A19103F-16F7-4668-BE54-9A1E7A4F7556}") = "DiscountManagement.Application.Contracts", "DiscountManagement.Application.Contracts\DiscountManagement.Application.Contracts.csproj", "{CB0D116E-8537-4132-B1E7-B33F81112B55}"
	ProjectSection(ProjectDependencies) = postProject
		{ED1E8B90-84B0-4CB4-B182-2A18C96B9460} = {ED1E8B90-84B0-4CB4-B182-2A18C96B9460}
	EndProjectSection
EndProject
Project("{9A19103F-16F7-4668-BE54-9A1E7A4F7556}") = "DiscountManagement.Application", "DiscountManagement.Application\DiscountManagement.Application.csproj", "{83EF3857-72F6-474D-9CD4-FA53420B2CCD}"
EndProject
Project("{9A19103F-16F7-4668-BE54-9A1E7A4F7556}") = "DiscountManagement.Infrastracture.EFCore", "DiscountManagement.Infrastracture.EFCore\DiscountManagement.Infrastracture.EFCore.csproj", "{D07E8A5D-2B3F-4BB1-A3B6-41127229EAEB}"
EndProject
Project("{9A19103F-16F7-4668-BE54-9A1E7A4F7556}") = "DiscountManagement.Configuration", "DiscountManagement.Configuration\DiscountManagement.Configuration.csproj", "{10F0CE3E-7FF6-48F9-A8C7-7037818B539F}"
EndProject
Project("{2150E333-8FDC-42A3-9474-1A3956D46DE8}") = "InventoryManagement", "InventoryManagement", "{5789446C-1668-4A37-993F-77AA455435D5}"
EndProject
Project("{2150E333-8FDC-42A3-9474-1A3956D46DE8}") = "IM.Domain", "IM.Domain", "{6EC7F6FE-D52E-4463-855E-45B13CD11BDC}"
EndProject
Project("{9A19103F-16F7-4668-BE54-9A1E7A4F7556}") = "InventoryManagement.Domain", "InventoryManagement.Domain\InventoryManagement.Domain.csproj", "{28BEA95E-13C3-41EE-A140-B73F49C1DC23}"
EndProject
Project("{2150E333-8FDC-42A3-9474-1A3956D46DE8}") = "IM.Application", "IM.Application", "{F2954DBF-560C-43BB-8871-819BBE8695A5}"
EndProject
Project("{2150E333-8FDC-42A3-9474-1A3956D46DE8}") = "IM.Infrastracture", "IM.Infrastracture", "{6119784C-4214-4D1E-B4E0-76E015EB7C06}"
EndProject
Project("{9A19103F-16F7-4668-BE54-9A1E7A4F7556}") = "InventoryManagement.Application.Contract", "InventoryManagement.Application.Contract\InventoryManagement.Application.Contract.csproj", "{85268CBC-0E1B-464B-85C9-AE12A6545665}"
EndProject
Project("{9A19103F-16F7-4668-BE54-9A1E7A4F7556}") = "InventoryManagement.Application", "InventoryManagement.Application\InventoryManagement.Application.csproj", "{3C42A30C-6677-4A21-9913-E5828D0FB799}"
EndProject
Project("{9A19103F-16F7-4668-BE54-9A1E7A4F7556}") = "InventoryManagement.Infrastracture.EFCore", "InventoryManagement.Infrastracture.EFCore\InventoryManagement.Infrastracture.EFCore.csproj", "{8B34A5E3-F474-4539-B00F-33A50788A6BF}"
EndProject
Project("{9A19103F-16F7-4668-BE54-9A1E7A4F7556}") = "InventoryManagement.Infrastracture.Configuration", "InventoryManagement.Infrastracture.Configuration\InventoryManagement.Infrastracture.Configuration.csproj", "{363D5932-09CE-4F95-AE6F-ED142C9D1CB8}"
EndProject
Project("{2150E333-8FDC-42A3-9474-1A3956D46DE8}") = "BlogManagement", "BlogManagement", "{64D141D7-84B2-4D5A-9EF8-81634328393A}"
EndProject
Project("{2150E333-8FDC-42A3-9474-1A3956D46DE8}") = "BM.Domain", "BM.Domain", "{81953747-E515-421C-A0AA-2A81DAF2BF73}"
EndProject
Project("{2150E333-8FDC-42A3-9474-1A3956D46DE8}") = "BM.Application", "BM.Application", "{0EBC9D41-8D56-4760-ACEE-69266411E2EF}"
EndProject
Project("{2150E333-8FDC-42A3-9474-1A3956D46DE8}") = "BM.Infrastructure", "BM.Infrastructure", "{A062B00F-F737-4122-B240-321822807194}"
EndProject
Project("{9A19103F-16F7-4668-BE54-9A1E7A4F7556}") = "BlogManagement.Domain", "BlogManagement.Domain\BlogManagement.Domain.csproj", "{2476AD4E-6399-4172-9C8E-FDEB5BC4CDB9}"
EndProject
Project("{9A19103F-16F7-4668-BE54-9A1E7A4F7556}") = "BlogManagement.Application.Contracts", "BlogManagement.Application.Contracts\BlogManagement.Application.Contracts.csproj", "{1CB737FD-1213-4B41-B7E4-EA6E38930329}"
EndProject
Project("{9A19103F-16F7-4668-BE54-9A1E7A4F7556}") = "BlogManagement.Application", "BogManagement.Application\BlogManagement.Application.csproj", "{2558CF2D-0638-41C4-8654-08CFA7FEEF5A}"
EndProject
Project("{9A19103F-16F7-4668-BE54-9A1E7A4F7556}") = "BlogManagement.Infrastructure.EFCore", "BlogManagement.Infrastructure.EFCore\BlogManagement.Infrastructure.EFCore.csproj", "{6937DC66-5FBD-4F7A-8053-D7FA1E76EA56}"
EndProject
Project("{9A19103F-16F7-4668-BE54-9A1E7A4F7556}") = "BlogManagement.Infrastructure.Configuration", "BlogManagement.Infrastructure.Configuration\BlogManagement.Infrastructure.Configuration.csproj", "{E6DD9135-8A90-430E-83B0-3011E92BA287}"
EndProject
Project("{2150E333-8FDC-42A3-9474-1A3956D46DE8}") = "CommentManagement", "CommentManagement", "{17D933D7-1D9A-4B0F-A7D1-71B4449D9A05}"
EndProject
Project("{2150E333-8FDC-42A3-9474-1A3956D46DE8}") = "CM.Domain", "CM.Domain", "{D09A5108-D0CE-4A67-9F47-2CE66CB8FD04}"
EndProject
Project("{2150E333-8FDC-42A3-9474-1A3956D46DE8}") = "CM.Application", "CM.Application", "{EF13E963-1752-4B3B-9485-BF9A87E7CE05}"
EndProject
Project("{2150E333-8FDC-42A3-9474-1A3956D46DE8}") = "Cm.Infrastructure", "Cm.Infrastructure", "{E533B7C0-C198-4226-AA5C-D709CAD5E8A7}"
EndProject
Project("{FAE04EC0-301F-11D3-BF4B-00C04F79EFBC}") = "CommentManagement.Domain", "CommentManagement.Domain\CommentManagement.Domain.csproj", "{E67D8D94-C7FA-4E6F-9C21-662B4E0024A9}"
EndProject
Project("{FAE04EC0-301F-11D3-BF4B-00C04F79EFBC}") = "CommentManagement.Application.Contracts", "CommentManagement.Application.Contracts\CommentManagement.Application.Contracts.csproj", "{A67174D2-6342-4632-94C0-68A62F05B2CB}"
EndProject
Project("{FAE04EC0-301F-11D3-BF4B-00C04F79EFBC}") = "CommentManagement.Application", "CommentManagement.Application\CommentManagement.Application.csproj", "{43BA6158-C9C1-4137-A7E2-504CBC710F0E}"
EndProject
Project("{FAE04EC0-301F-11D3-BF4B-00C04F79EFBC}") = "CommentManagement.Infrastructure.Configuration", "CommentManagement.Infrastructure.Configuration\CommentManagement.Infrastructure.Configuration.csproj", "{FCB8C813-8F2B-4068-B4AA-66868304BC38}"
EndProject
Project("{FAE04EC0-301F-11D3-BF4B-00C04F79EFBC}") = "CommentManagement.Infrastructure.EFCore", "CommentManagement.Infrastructure.EFCore\CommentManagement.Infrastructure.EFCore.csproj", "{81BEEFCD-66DB-4141-A280-34433F7F2227}"
EndProject
Global
	GlobalSection(SolutionConfigurationPlatforms) = preSolution
		Debug|Any CPU = Debug|Any CPU
		Release|Any CPU = Release|Any CPU
	EndGlobalSection
	GlobalSection(ProjectConfigurationPlatforms) = postSolution
		{B0015F73-888C-4692-B38C-15073B5506A9}.Debug|Any CPU.ActiveCfg = Debug|Any CPU
		{B0015F73-888C-4692-B38C-15073B5506A9}.Debug|Any CPU.Build.0 = Debug|Any CPU
		{B0015F73-888C-4692-B38C-15073B5506A9}.Release|Any CPU.ActiveCfg = Release|Any CPU
		{B0015F73-888C-4692-B38C-15073B5506A9}.Release|Any CPU.Build.0 = Release|Any CPU
		{ED1E8B90-84B0-4CB4-B182-2A18C96B9460}.Debug|Any CPU.ActiveCfg = Debug|Any CPU
		{ED1E8B90-84B0-4CB4-B182-2A18C96B9460}.Debug|Any CPU.Build.0 = Debug|Any CPU
		{ED1E8B90-84B0-4CB4-B182-2A18C96B9460}.Release|Any CPU.ActiveCfg = Release|Any CPU
		{ED1E8B90-84B0-4CB4-B182-2A18C96B9460}.Release|Any CPU.Build.0 = Release|Any CPU
		{E3228A89-25B7-497B-9A11-3F2450A5FEAD}.Debug|Any CPU.ActiveCfg = Debug|Any CPU
		{E3228A89-25B7-497B-9A11-3F2450A5FEAD}.Debug|Any CPU.Build.0 = Debug|Any CPU
		{E3228A89-25B7-497B-9A11-3F2450A5FEAD}.Release|Any CPU.ActiveCfg = Release|Any CPU
		{E3228A89-25B7-497B-9A11-3F2450A5FEAD}.Release|Any CPU.Build.0 = Release|Any CPU
		{FD40A8E9-E375-4FBB-9F16-B27489117F8E}.Debug|Any CPU.ActiveCfg = Debug|Any CPU
		{FD40A8E9-E375-4FBB-9F16-B27489117F8E}.Debug|Any CPU.Build.0 = Debug|Any CPU
		{FD40A8E9-E375-4FBB-9F16-B27489117F8E}.Release|Any CPU.ActiveCfg = Release|Any CPU
		{FD40A8E9-E375-4FBB-9F16-B27489117F8E}.Release|Any CPU.Build.0 = Release|Any CPU
		{9E6D063C-A269-4D91-BF00-152DBA1B10B0}.Debug|Any CPU.ActiveCfg = Debug|Any CPU
		{9E6D063C-A269-4D91-BF00-152DBA1B10B0}.Debug|Any CPU.Build.0 = Debug|Any CPU
		{9E6D063C-A269-4D91-BF00-152DBA1B10B0}.Release|Any CPU.ActiveCfg = Release|Any CPU
		{9E6D063C-A269-4D91-BF00-152DBA1B10B0}.Release|Any CPU.Build.0 = Release|Any CPU
		{3FF21AF2-ECF9-4755-83A3-FB6C7F93C060}.Debug|Any CPU.ActiveCfg = Debug|Any CPU
		{3FF21AF2-ECF9-4755-83A3-FB6C7F93C060}.Debug|Any CPU.Build.0 = Debug|Any CPU
		{3FF21AF2-ECF9-4755-83A3-FB6C7F93C060}.Release|Any CPU.ActiveCfg = Release|Any CPU
		{3FF21AF2-ECF9-4755-83A3-FB6C7F93C060}.Release|Any CPU.Build.0 = Release|Any CPU
		{F83AFD41-ED29-4E86-8E57-822DA9B6C020}.Debug|Any CPU.ActiveCfg = Debug|Any CPU
		{F83AFD41-ED29-4E86-8E57-822DA9B6C020}.Debug|Any CPU.Build.0 = Debug|Any CPU
		{F83AFD41-ED29-4E86-8E57-822DA9B6C020}.Release|Any CPU.ActiveCfg = Release|Any CPU
		{F83AFD41-ED29-4E86-8E57-822DA9B6C020}.Release|Any CPU.Build.0 = Release|Any CPU
		{273BB612-000F-4D46-B2E8-495161B952F2}.Debug|Any CPU.ActiveCfg = Debug|Any CPU
		{273BB612-000F-4D46-B2E8-495161B952F2}.Debug|Any CPU.Build.0 = Debug|Any CPU
		{273BB612-000F-4D46-B2E8-495161B952F2}.Release|Any CPU.ActiveCfg = Release|Any CPU
		{273BB612-000F-4D46-B2E8-495161B952F2}.Release|Any CPU.Build.0 = Release|Any CPU
		{2E7E04CE-216F-494B-BF14-3FA8EBDE1302}.Debug|Any CPU.ActiveCfg = Debug|Any CPU
		{2E7E04CE-216F-494B-BF14-3FA8EBDE1302}.Debug|Any CPU.Build.0 = Debug|Any CPU
		{2E7E04CE-216F-494B-BF14-3FA8EBDE1302}.Release|Any CPU.ActiveCfg = Release|Any CPU
		{2E7E04CE-216F-494B-BF14-3FA8EBDE1302}.Release|Any CPU.Build.0 = Release|Any CPU
		{CB0D116E-8537-4132-B1E7-B33F81112B55}.Debug|Any CPU.ActiveCfg = Debug|Any CPU
		{CB0D116E-8537-4132-B1E7-B33F81112B55}.Debug|Any CPU.Build.0 = Debug|Any CPU
		{CB0D116E-8537-4132-B1E7-B33F81112B55}.Release|Any CPU.ActiveCfg = Release|Any CPU
		{CB0D116E-8537-4132-B1E7-B33F81112B55}.Release|Any CPU.Build.0 = Release|Any CPU
		{83EF3857-72F6-474D-9CD4-FA53420B2CCD}.Debug|Any CPU.ActiveCfg = Debug|Any CPU
		{83EF3857-72F6-474D-9CD4-FA53420B2CCD}.Debug|Any CPU.Build.0 = Debug|Any CPU
		{83EF3857-72F6-474D-9CD4-FA53420B2CCD}.Release|Any CPU.ActiveCfg = Release|Any CPU
		{83EF3857-72F6-474D-9CD4-FA53420B2CCD}.Release|Any CPU.Build.0 = Release|Any CPU
		{D07E8A5D-2B3F-4BB1-A3B6-41127229EAEB}.Debug|Any CPU.ActiveCfg = Debug|Any CPU
		{D07E8A5D-2B3F-4BB1-A3B6-41127229EAEB}.Debug|Any CPU.Build.0 = Debug|Any CPU
		{D07E8A5D-2B3F-4BB1-A3B6-41127229EAEB}.Release|Any CPU.ActiveCfg = Release|Any CPU
		{D07E8A5D-2B3F-4BB1-A3B6-41127229EAEB}.Release|Any CPU.Build.0 = Release|Any CPU
		{10F0CE3E-7FF6-48F9-A8C7-7037818B539F}.Debug|Any CPU.ActiveCfg = Debug|Any CPU
		{10F0CE3E-7FF6-48F9-A8C7-7037818B539F}.Debug|Any CPU.Build.0 = Debug|Any CPU
		{10F0CE3E-7FF6-48F9-A8C7-7037818B539F}.Release|Any CPU.ActiveCfg = Release|Any CPU
		{10F0CE3E-7FF6-48F9-A8C7-7037818B539F}.Release|Any CPU.Build.0 = Release|Any CPU
		{28BEA95E-13C3-41EE-A140-B73F49C1DC23}.Debug|Any CPU.ActiveCfg = Debug|Any CPU
		{28BEA95E-13C3-41EE-A140-B73F49C1DC23}.Debug|Any CPU.Build.0 = Debug|Any CPU
		{28BEA95E-13C3-41EE-A140-B73F49C1DC23}.Release|Any CPU.ActiveCfg = Release|Any CPU
		{28BEA95E-13C3-41EE-A140-B73F49C1DC23}.Release|Any CPU.Build.0 = Release|Any CPU
		{85268CBC-0E1B-464B-85C9-AE12A6545665}.Debug|Any CPU.ActiveCfg = Debug|Any CPU
		{85268CBC-0E1B-464B-85C9-AE12A6545665}.Debug|Any CPU.Build.0 = Debug|Any CPU
		{85268CBC-0E1B-464B-85C9-AE12A6545665}.Release|Any CPU.ActiveCfg = Release|Any CPU
		{85268CBC-0E1B-464B-85C9-AE12A6545665}.Release|Any CPU.Build.0 = Release|Any CPU
		{3C42A30C-6677-4A21-9913-E5828D0FB799}.Debug|Any CPU.ActiveCfg = Debug|Any CPU
		{3C42A30C-6677-4A21-9913-E5828D0FB799}.Debug|Any CPU.Build.0 = Debug|Any CPU
		{3C42A30C-6677-4A21-9913-E5828D0FB799}.Release|Any CPU.ActiveCfg = Release|Any CPU
		{3C42A30C-6677-4A21-9913-E5828D0FB799}.Release|Any CPU.Build.0 = Release|Any CPU
		{8B34A5E3-F474-4539-B00F-33A50788A6BF}.Debug|Any CPU.ActiveCfg = Debug|Any CPU
		{8B34A5E3-F474-4539-B00F-33A50788A6BF}.Debug|Any CPU.Build.0 = Debug|Any CPU
		{8B34A5E3-F474-4539-B00F-33A50788A6BF}.Release|Any CPU.ActiveCfg = Release|Any CPU
		{8B34A5E3-F474-4539-B00F-33A50788A6BF}.Release|Any CPU.Build.0 = Release|Any CPU
		{363D5932-09CE-4F95-AE6F-ED142C9D1CB8}.Debug|Any CPU.ActiveCfg = Debug|Any CPU
		{363D5932-09CE-4F95-AE6F-ED142C9D1CB8}.Debug|Any CPU.Build.0 = Debug|Any CPU
		{363D5932-09CE-4F95-AE6F-ED142C9D1CB8}.Release|Any CPU.ActiveCfg = Release|Any CPU
		{363D5932-09CE-4F95-AE6F-ED142C9D1CB8}.Release|Any CPU.Build.0 = Release|Any CPU
		{2476AD4E-6399-4172-9C8E-FDEB5BC4CDB9}.Debug|Any CPU.ActiveCfg = Debug|Any CPU
		{2476AD4E-6399-4172-9C8E-FDEB5BC4CDB9}.Debug|Any CPU.Build.0 = Debug|Any CPU
		{2476AD4E-6399-4172-9C8E-FDEB5BC4CDB9}.Release|Any CPU.ActiveCfg = Release|Any CPU
		{2476AD4E-6399-4172-9C8E-FDEB5BC4CDB9}.Release|Any CPU.Build.0 = Release|Any CPU
		{1CB737FD-1213-4B41-B7E4-EA6E38930329}.Debug|Any CPU.ActiveCfg = Debug|Any CPU
		{1CB737FD-1213-4B41-B7E4-EA6E38930329}.Debug|Any CPU.Build.0 = Debug|Any CPU
		{1CB737FD-1213-4B41-B7E4-EA6E38930329}.Release|Any CPU.ActiveCfg = Release|Any CPU
		{1CB737FD-1213-4B41-B7E4-EA6E38930329}.Release|Any CPU.Build.0 = Release|Any CPU
		{2558CF2D-0638-41C4-8654-08CFA7FEEF5A}.Debug|Any CPU.ActiveCfg = Debug|Any CPU
		{2558CF2D-0638-41C4-8654-08CFA7FEEF5A}.Debug|Any CPU.Build.0 = Debug|Any CPU
		{2558CF2D-0638-41C4-8654-08CFA7FEEF5A}.Release|Any CPU.ActiveCfg = Release|Any CPU
		{2558CF2D-0638-41C4-8654-08CFA7FEEF5A}.Release|Any CPU.Build.0 = Release|Any CPU
		{6937DC66-5FBD-4F7A-8053-D7FA1E76EA56}.Debug|Any CPU.ActiveCfg = Debug|Any CPU
		{6937DC66-5FBD-4F7A-8053-D7FA1E76EA56}.Debug|Any CPU.Build.0 = Debug|Any CPU
		{6937DC66-5FBD-4F7A-8053-D7FA1E76EA56}.Release|Any CPU.ActiveCfg = Release|Any CPU
		{6937DC66-5FBD-4F7A-8053-D7FA1E76EA56}.Release|Any CPU.Build.0 = Release|Any CPU
		{E6DD9135-8A90-430E-83B0-3011E92BA287}.Debug|Any CPU.ActiveCfg = Debug|Any CPU
		{E6DD9135-8A90-430E-83B0-3011E92BA287}.Debug|Any CPU.Build.0 = Debug|Any CPU
		{E6DD9135-8A90-430E-83B0-3011E92BA287}.Release|Any CPU.ActiveCfg = Release|Any CPU
		{E6DD9135-8A90-430E-83B0-3011E92BA287}.Release|Any CPU.Build.0 = Release|Any CPU
		{E67D8D94-C7FA-4E6F-9C21-662B4E0024A9}.Debug|Any CPU.ActiveCfg = Debug|Any CPU
		{E67D8D94-C7FA-4E6F-9C21-662B4E0024A9}.Debug|Any CPU.Build.0 = Debug|Any CPU
		{E67D8D94-C7FA-4E6F-9C21-662B4E0024A9}.Release|Any CPU.ActiveCfg = Release|Any CPU
		{E67D8D94-C7FA-4E6F-9C21-662B4E0024A9}.Release|Any CPU.Build.0 = Release|Any CPU
		{A67174D2-6342-4632-94C0-68A62F05B2CB}.Debug|Any CPU.ActiveCfg = Debug|Any CPU
		{A67174D2-6342-4632-94C0-68A62F05B2CB}.Debug|Any CPU.Build.0 = Debug|Any CPU
		{A67174D2-6342-4632-94C0-68A62F05B2CB}.Release|Any CPU.ActiveCfg = Release|Any CPU
		{A67174D2-6342-4632-94C0-68A62F05B2CB}.Release|Any CPU.Build.0 = Release|Any CPU
		{43BA6158-C9C1-4137-A7E2-504CBC710F0E}.Debug|Any CPU.ActiveCfg = Debug|Any CPU
		{43BA6158-C9C1-4137-A7E2-504CBC710F0E}.Debug|Any CPU.Build.0 = Debug|Any CPU
		{43BA6158-C9C1-4137-A7E2-504CBC710F0E}.Release|Any CPU.ActiveCfg = Release|Any CPU
		{43BA6158-C9C1-4137-A7E2-504CBC710F0E}.Release|Any CPU.Build.0 = Release|Any CPU
		{FCB8C813-8F2B-4068-B4AA-66868304BC38}.Debug|Any CPU.ActiveCfg = Debug|Any CPU
		{FCB8C813-8F2B-4068-B4AA-66868304BC38}.Debug|Any CPU.Build.0 = Debug|Any CPU
		{FCB8C813-8F2B-4068-B4AA-66868304BC38}.Release|Any CPU.ActiveCfg = Release|Any CPU
		{FCB8C813-8F2B-4068-B4AA-66868304BC38}.Release|Any CPU.Build.0 = Release|Any CPU
		{81BEEFCD-66DB-4141-A280-34433F7F2227}.Debug|Any CPU.ActiveCfg = Debug|Any CPU
		{81BEEFCD-66DB-4141-A280-34433F7F2227}.Debug|Any CPU.Build.0 = Debug|Any CPU
		{81BEEFCD-66DB-4141-A280-34433F7F2227}.Release|Any CPU.ActiveCfg = Release|Any CPU
		{81BEEFCD-66DB-4141-A280-34433F7F2227}.Release|Any CPU.Build.0 = Release|Any CPU
	EndGlobalSection
	GlobalSection(SolutionProperties) = preSolution
		HideSolutionNode = FALSE
	EndGlobalSection
	GlobalSection(NestedProjects) = preSolution
		{2715669B-BDAA-404D-BDD3-8260F14C1DAF} = {D48489BA-B427-4C5E-AE0C-7AE2F49F4F2D}
		{B0015F73-888C-4692-B38C-15073B5506A9} = {2715669B-BDAA-404D-BDD3-8260F14C1DAF}
		{C0926502-28F9-4BEB-BA94-8D9D95D89E43} = {D48489BA-B427-4C5E-AE0C-7AE2F49F4F2D}
		{E3228A89-25B7-497B-9A11-3F2450A5FEAD} = {C0926502-28F9-4BEB-BA94-8D9D95D89E43}
		{FD40A8E9-E375-4FBB-9F16-B27489117F8E} = {C0926502-28F9-4BEB-BA94-8D9D95D89E43}
		{0B25A55E-5C22-4F5D-9C63-6987ADD3BA24} = {D48489BA-B427-4C5E-AE0C-7AE2F49F4F2D}
		{9E6D063C-A269-4D91-BF00-152DBA1B10B0} = {0B25A55E-5C22-4F5D-9C63-6987ADD3BA24}
		{3FF21AF2-ECF9-4755-83A3-FB6C7F93C060} = {0B25A55E-5C22-4F5D-9C63-6987ADD3BA24}
		{D6A81C0C-DC0F-4466-B2CD-25D62DC50787} = {A4328B35-8BA0-4E6C-93CD-CFD0E0AC035D}
		{2E7E04CE-216F-494B-BF14-3FA8EBDE1302} = {D6A81C0C-DC0F-4466-B2CD-25D62DC50787}
		{4750C61D-C2CA-4BFC-A85C-823B12E99CBF} = {A4328B35-8BA0-4E6C-93CD-CFD0E0AC035D}
		{F0F9F9F3-2032-45F2-805C-60D2EFB4DCD9} = {A4328B35-8BA0-4E6C-93CD-CFD0E0AC035D}
		{CB0D116E-8537-4132-B1E7-B33F81112B55} = {F0F9F9F3-2032-45F2-805C-60D2EFB4DCD9}
		{83EF3857-72F6-474D-9CD4-FA53420B2CCD} = {F0F9F9F3-2032-45F2-805C-60D2EFB4DCD9}
		{D07E8A5D-2B3F-4BB1-A3B6-41127229EAEB} = {4750C61D-C2CA-4BFC-A85C-823B12E99CBF}
		{10F0CE3E-7FF6-48F9-A8C7-7037818B539F} = {4750C61D-C2CA-4BFC-A85C-823B12E99CBF}
		{6EC7F6FE-D52E-4463-855E-45B13CD11BDC} = {5789446C-1668-4A37-993F-77AA455435D5}
		{28BEA95E-13C3-41EE-A140-B73F49C1DC23} = {6EC7F6FE-D52E-4463-855E-45B13CD11BDC}
		{F2954DBF-560C-43BB-8871-819BBE8695A5} = {5789446C-1668-4A37-993F-77AA455435D5}
		{6119784C-4214-4D1E-B4E0-76E015EB7C06} = {5789446C-1668-4A37-993F-77AA455435D5}
		{85268CBC-0E1B-464B-85C9-AE12A6545665} = {F2954DBF-560C-43BB-8871-819BBE8695A5}
		{3C42A30C-6677-4A21-9913-E5828D0FB799} = {F2954DBF-560C-43BB-8871-819BBE8695A5}
		{8B34A5E3-F474-4539-B00F-33A50788A6BF} = {6119784C-4214-4D1E-B4E0-76E015EB7C06}
		{363D5932-09CE-4F95-AE6F-ED142C9D1CB8} = {6119784C-4214-4D1E-B4E0-76E015EB7C06}
		{81953747-E515-421C-A0AA-2A81DAF2BF73} = {64D141D7-84B2-4D5A-9EF8-81634328393A}
		{0EBC9D41-8D56-4760-ACEE-69266411E2EF} = {64D141D7-84B2-4D5A-9EF8-81634328393A}
		{A062B00F-F737-4122-B240-321822807194} = {64D141D7-84B2-4D5A-9EF8-81634328393A}
		{2476AD4E-6399-4172-9C8E-FDEB5BC4CDB9} = {81953747-E515-421C-A0AA-2A81DAF2BF73}
		{1CB737FD-1213-4B41-B7E4-EA6E38930329} = {0EBC9D41-8D56-4760-ACEE-69266411E2EF}
		{2558CF2D-0638-41C4-8654-08CFA7FEEF5A} = {0EBC9D41-8D56-4760-ACEE-69266411E2EF}
		{6937DC66-5FBD-4F7A-8053-D7FA1E76EA56} = {A062B00F-F737-4122-B240-321822807194}
		{E6DD9135-8A90-430E-83B0-3011E92BA287} = {A062B00F-F737-4122-B240-321822807194}
		{D09A5108-D0CE-4A67-9F47-2CE66CB8FD04} = {17D933D7-1D9A-4B0F-A7D1-71B4449D9A05}
		{EF13E963-1752-4B3B-9485-BF9A87E7CE05} = {17D933D7-1D9A-4B0F-A7D1-71B4449D9A05}
		{E533B7C0-C198-4226-AA5C-D709CAD5E8A7} = {17D933D7-1D9A-4B0F-A7D1-71B4449D9A05}
		{E67D8D94-C7FA-4E6F-9C21-662B4E0024A9} = {D09A5108-D0CE-4A67-9F47-2CE66CB8FD04}
		{A67174D2-6342-4632-94C0-68A62F05B2CB} = {EF13E963-1752-4B3B-9485-BF9A87E7CE05}
		{43BA6158-C9C1-4137-A7E2-504CBC710F0E} = {EF13E963-1752-4B3B-9485-BF9A87E7CE05}
		{FCB8C813-8F2B-4068-B4AA-66868304BC38} = {E533B7C0-C198-4226-AA5C-D709CAD5E8A7}
		{81BEEFCD-66DB-4141-A280-34433F7F2227} = {E533B7C0-C198-4226-AA5C-D709CAD5E8A7}
	EndGlobalSection
	GlobalSection(ExtensibilityGlobals) = postSolution
		SolutionGuid = {64B06B8F-9FCC-4F56-8A18-107D1C551EED}
	EndGlobalSection
EndGlobal
