
Microsoft Visual Studio Solution File, Format Version 12.00
# Visual Studio Version 16
VisualStudioVersion = 16.0.31911.196
MinimumVisualStudioVersion = 10.0.40219.1
Project("{2150E333-8FDC-42A3-9474-1A3956D46DE8}") = "ShopManagement", "ShopManagement", "{D48489BA-B427-4C5E-AE0C-7AE2F49F4F2D}"
EndProject
Project("{2150E333-8FDC-42A3-9474-1A3956D46DE8}") = "SM.Domain", "SM.Domain", "{2715669B-BDAA-404D-BDD3-8260F14C1DAF}"
EndProject
Project("{9A19103F-16F7-4668-BE54-9A1E7A4F7556}") = "ShopManagement.Domain", "ShopManagement.Domain\ShopManagement.Domain.csproj", "{B0015F73-888C-4692-B38C-15073B5506A9}"
EndProject
Project("{9A19103F-16F7-4668-BE54-9A1E7A4F7556}") = "0_Framework", "0_Framework\0_Framework.csproj", "{ED1E8B90-84B0-4CB4-B182-2A18C96B9460}"
EndProject
Project("{2150E333-8FDC-42A3-9474-1A3956D46DE8}") = "SM.Application", "SM.Application", "{C0926502-28F9-4BEB-BA94-8D9D95D89E43}"
EndProject
Project("{9A19103F-16F7-4668-BE54-9A1E7A4F7556}") = "ShopManagement.Application.Contracts", "ShopManagement.Application.Contracts\ShopManagement.Application.Contracts.csproj", "{E3228A89-25B7-497B-9A11-3F2450A5FEAD}"
EndProject
Project("{9A19103F-16F7-4668-BE54-9A1E7A4F7556}") = "ShopManagement.Application", "ShopManagement.Application\ShopManagement.Application.csproj", "{FD40A8E9-E375-4FBB-9F16-B27489117F8E}"
EndProject
Project("{2150E333-8FDC-42A3-9474-1A3956D46DE8}") = "SM.Infrastructure", "SM.Infrastructure", "{0B25A55E-5C22-4F5D-9C63-6987ADD3BA24}"
EndProject
Project("{9A19103F-16F7-4668-BE54-9A1E7A4F7556}") = "ShopManagement.Infrastructure.EFCore", "ShopManagement.Infrastructure.EFCore\ShopManagement.Infrastructure.EFCore.csproj", "{9E6D063C-A269-4D91-BF00-152DBA1B10B0}"
EndProject
Project("{9A19103F-16F7-4668-BE54-9A1E7A4F7556}") = "ShopManagement.Configuration", "ShopManagement.Configuration\ShopManagement.Configuration.csproj", "{3FF21AF2-ECF9-4755-83A3-FB6C7F93C060}"
EndProject
Project("{9A19103F-16F7-4668-BE54-9A1E7A4F7556}") = "ServiceHost", "ServiceHost\ServiceHost.csproj", "{F83AFD41-ED29-4E86-8E57-822DA9B6C020}"
EndProject
Project("{9A19103F-16F7-4668-BE54-9A1E7A4F7556}") = "01_LampshadeQuery", "01_LampshadeQuery\01_LampshadeQuery.csproj", "{273BB612-000F-4D46-B2E8-495161B952F2}"
EndProject
Project("{2150E333-8FDC-42A3-9474-1A3956D46DE8}") = "DiscountManagement", "DiscountManagement", "{A4328B35-8BA0-4E6C-93CD-CFD0E0AC035D}"
EndProject
Project("{2150E333-8FDC-42A3-9474-1A3956D46DE8}") = "DM.Domain", "DM.Domain", "{D6A81C0C-DC0F-4466-B2CD-25D62DC50787}"
EndProject
Project("{9A19103F-16F7-4668-BE54-9A1E7A4F7556}") = "DiscountManagement.Domain", "DiscountManagement.Domain\DiscountManagement.Domain.csproj", "{2E7E04CE-216F-494B-BF14-3FA8EBDE1302}"
	ProjectSection(ProjectDependencies) = postProject
		{ED1E8B90-84B0-4CB4-B182-2A18C96B9460} = {ED1E8B90-84B0-4CB4-B182-2A18C96B9460}
	EndProjectSection
EndProject
Project("{2150E333-8FDC-42A3-9474-1A3956D46DE8}") = "DM.Infrastructure", "DM.Infrastructure", "{4750C61D-C2CA-4BFC-A85C-823B12E99CBF}"
EndProject
Project("{2150E333-8FDC-42A3-9474-1A3956D46DE8}") = "DM.Application", "DM.Application", "{F0F9F9F3-2032-45F2-805C-60D2EFB4DCD9}"
EndProject
Project("{9A19103F-16F7-4668-BE54-9A1E7A4F7556}") = "DiscountManagement.Application.Contracts", "DiscountManagement.Application.Contracts\DiscountManagement.Application.Contracts.csproj", "{CB0D116E-8537-4132-B1E7-B33F81112B55}"
	ProjectSection(ProjectDependencies) = postProject
		{ED1E8B90-84B0-4CB4-B182-2A18C96B9460} = {ED1E8B90-84B0-4CB4-B182-2A18C96B9460}
	EndProjectSection
EndProject
Project("{9A19103F-16F7-4668-BE54-9A1E7A4F7556}") = "DiscountManagement.Application", "DiscountManagement.Application\DiscountManagement.Application.csproj", "{83EF3857-72F6-474D-9CD4-FA53420B2CCD}"
EndProject
Project("{9A19103F-16F7-4668-BE54-9A1E7A4F7556}") = "DiscountManagement.Infrastracture.EFCore", "DiscountManagement.Infrastracture.EFCore\DiscountManagement.Infrastracture.EFCore.csproj", "{D07E8A5D-2B3F-4BB1-A3B6-41127229EAEB}"
EndProject
Project("{FAE04EC0-301F-11D3-BF4B-00C04F79EFBC}") = "DiscountManagement.Configuration", "DiscountManagement.Configuration\DiscountManagement.Configuration.csproj", "{10F0CE3E-7FF6-48F9-A8C7-7037818B539F}"
EndProject
Global
	GlobalSection(SolutionConfigurationPlatforms) = preSolution
		Debug|Any CPU = Debug|Any CPU
		Release|Any CPU = Release|Any CPU
	EndGlobalSection
	GlobalSection(ProjectConfigurationPlatforms) = postSolution
		{B0015F73-888C-4692-B38C-15073B5506A9}.Debug|Any CPU.ActiveCfg = Debug|Any CPU
		{B0015F73-888C-4692-B38C-15073B5506A9}.Debug|Any CPU.Build.0 = Debug|Any CPU
		{B0015F73-888C-4692-B38C-15073B5506A9}.Release|Any CPU.ActiveCfg = Release|Any CPU
		{B0015F73-888C-4692-B38C-15073B5506A9}.Release|Any CPU.Build.0 = Release|Any CPU
		{ED1E8B90-84B0-4CB4-B182-2A18C96B9460}.Debug|Any CPU.ActiveCfg = Debug|Any CPU
		{ED1E8B90-84B0-4CB4-B182-2A18C96B9460}.Debug|Any CPU.Build.0 = Debug|Any CPU
		{ED1E8B90-84B0-4CB4-B182-2A18C96B9460}.Release|Any CPU.ActiveCfg = Release|Any CPU
		{ED1E8B90-84B0-4CB4-B182-2A18C96B9460}.Release|Any CPU.Build.0 = Release|Any CPU
		{E3228A89-25B7-497B-9A11-3F2450A5FEAD}.Debug|Any CPU.ActiveCfg = Debug|Any CPU
		{E3228A89-25B7-497B-9A11-3F2450A5FEAD}.Debug|Any CPU.Build.0 = Debug|Any CPU
		{E3228A89-25B7-497B-9A11-3F2450A5FEAD}.Release|Any CPU.ActiveCfg = Release|Any CPU
		{E3228A89-25B7-497B-9A11-3F2450A5FEAD}.Release|Any CPU.Build.0 = Release|Any CPU
		{FD40A8E9-E375-4FBB-9F16-B27489117F8E}.Debug|Any CPU.ActiveCfg = Debug|Any CPU
		{FD40A8E9-E375-4FBB-9F16-B27489117F8E}.Debug|Any CPU.Build.0 = Debug|Any CPU
		{FD40A8E9-E375-4FBB-9F16-B27489117F8E}.Release|Any CPU.ActiveCfg = Release|Any CPU
		{FD40A8E9-E375-4FBB-9F16-B27489117F8E}.Release|Any CPU.Build.0 = Release|Any CPU
		{9E6D063C-A269-4D91-BF00-152DBA1B10B0}.Debug|Any CPU.ActiveCfg = Debug|Any CPU
		{9E6D063C-A269-4D91-BF00-152DBA1B10B0}.Debug|Any CPU.Build.0 = Debug|Any CPU
		{9E6D063C-A269-4D91-BF00-152DBA1B10B0}.Release|Any CPU.ActiveCfg = Release|Any CPU
		{9E6D063C-A269-4D91-BF00-152DBA1B10B0}.Release|Any CPU.Build.0 = Release|Any CPU
		{3FF21AF2-ECF9-4755-83A3-FB6C7F93C060}.Debug|Any CPU.ActiveCfg = Debug|Any CPU
		{3FF21AF2-ECF9-4755-83A3-FB6C7F93C060}.Debug|Any CPU.Build.0 = Debug|Any CPU
		{3FF21AF2-ECF9-4755-83A3-FB6C7F93C060}.Release|Any CPU.ActiveCfg = Release|Any CPU
		{3FF21AF2-ECF9-4755-83A3-FB6C7F93C060}.Release|Any CPU.Build.0 = Release|Any CPU
		{F83AFD41-ED29-4E86-8E57-822DA9B6C020}.Debug|Any CPU.ActiveCfg = Debug|Any CPU
		{F83AFD41-ED29-4E86-8E57-822DA9B6C020}.Debug|Any CPU.Build.0 = Debug|Any CPU
		{F83AFD41-ED29-4E86-8E57-822DA9B6C020}.Release|Any CPU.ActiveCfg = Release|Any CPU
		{F83AFD41-ED29-4E86-8E57-822DA9B6C020}.Release|Any CPU.Build.0 = Release|Any CPU
		{273BB612-000F-4D46-B2E8-495161B952F2}.Debug|Any CPU.ActiveCfg = Debug|Any CPU
		{273BB612-000F-4D46-B2E8-495161B952F2}.Debug|Any CPU.Build.0 = Debug|Any CPU
		{273BB612-000F-4D46-B2E8-495161B952F2}.Release|Any CPU.ActiveCfg = Release|Any CPU
		{273BB612-000F-4D46-B2E8-495161B952F2}.Release|Any CPU.Build.0 = Release|Any CPU
		{2E7E04CE-216F-494B-BF14-3FA8EBDE1302}.Debug|Any CPU.ActiveCfg = Debug|Any CPU
		{2E7E04CE-216F-494B-BF14-3FA8EBDE1302}.Debug|Any CPU.Build.0 = Debug|Any CPU
		{2E7E04CE-216F-494B-BF14-3FA8EBDE1302}.Release|Any CPU.ActiveCfg = Release|Any CPU
		{2E7E04CE-216F-494B-BF14-3FA8EBDE1302}.Release|Any CPU.Build.0 = Release|Any CPU
		{CB0D116E-8537-4132-B1E7-B33F81112B55}.Debug|Any CPU.ActiveCfg = Debug|Any CPU
		{CB0D116E-8537-4132-B1E7-B33F81112B55}.Debug|Any CPU.Build.0 = Debug|Any CPU
		{CB0D116E-8537-4132-B1E7-B33F81112B55}.Release|Any CPU.ActiveCfg = Release|Any CPU
		{CB0D116E-8537-4132-B1E7-B33F81112B55}.Release|Any CPU.Build.0 = Release|Any CPU
		{83EF3857-72F6-474D-9CD4-FA53420B2CCD}.Debug|Any CPU.ActiveCfg = Debug|Any CPU
		{83EF3857-72F6-474D-9CD4-FA53420B2CCD}.Debug|Any CPU.Build.0 = Debug|Any CPU
		{83EF3857-72F6-474D-9CD4-FA53420B2CCD}.Release|Any CPU.ActiveCfg = Release|Any CPU
		{83EF3857-72F6-474D-9CD4-FA53420B2CCD}.Release|Any CPU.Build.0 = Release|Any CPU
		{D07E8A5D-2B3F-4BB1-A3B6-41127229EAEB}.Debug|Any CPU.ActiveCfg = Debug|Any CPU
		{D07E8A5D-2B3F-4BB1-A3B6-41127229EAEB}.Debug|Any CPU.Build.0 = Debug|Any CPU
		{D07E8A5D-2B3F-4BB1-A3B6-41127229EAEB}.Release|Any CPU.ActiveCfg = Release|Any CPU
		{D07E8A5D-2B3F-4BB1-A3B6-41127229EAEB}.Release|Any CPU.Build.0 = Release|Any CPU
		{10F0CE3E-7FF6-48F9-A8C7-7037818B539F}.Debug|Any CPU.ActiveCfg = Debug|Any CPU
		{10F0CE3E-7FF6-48F9-A8C7-7037818B539F}.Debug|Any CPU.Build.0 = Debug|Any CPU
		{10F0CE3E-7FF6-48F9-A8C7-7037818B539F}.Release|Any CPU.ActiveCfg = Release|Any CPU
		{10F0CE3E-7FF6-48F9-A8C7-7037818B539F}.Release|Any CPU.Build.0 = Release|Any CPU
	EndGlobalSection
	GlobalSection(SolutionProperties) = preSolution
		HideSolutionNode = FALSE
	EndGlobalSection
	GlobalSection(NestedProjects) = preSolution
		{2715669B-BDAA-404D-BDD3-8260F14C1DAF} = {D48489BA-B427-4C5E-AE0C-7AE2F49F4F2D}
		{B0015F73-888C-4692-B38C-15073B5506A9} = {2715669B-BDAA-404D-BDD3-8260F14C1DAF}
		{C0926502-28F9-4BEB-BA94-8D9D95D89E43} = {D48489BA-B427-4C5E-AE0C-7AE2F49F4F2D}
		{E3228A89-25B7-497B-9A11-3F2450A5FEAD} = {C0926502-28F9-4BEB-BA94-8D9D95D89E43}
		{FD40A8E9-E375-4FBB-9F16-B27489117F8E} = {C0926502-28F9-4BEB-BA94-8D9D95D89E43}
		{0B25A55E-5C22-4F5D-9C63-6987ADD3BA24} = {D48489BA-B427-4C5E-AE0C-7AE2F49F4F2D}
		{9E6D063C-A269-4D91-BF00-152DBA1B10B0} = {0B25A55E-5C22-4F5D-9C63-6987ADD3BA24}
		{3FF21AF2-ECF9-4755-83A3-FB6C7F93C060} = {0B25A55E-5C22-4F5D-9C63-6987ADD3BA24}
		{D6A81C0C-DC0F-4466-B2CD-25D62DC50787} = {A4328B35-8BA0-4E6C-93CD-CFD0E0AC035D}
		{2E7E04CE-216F-494B-BF14-3FA8EBDE1302} = {D6A81C0C-DC0F-4466-B2CD-25D62DC50787}
		{4750C61D-C2CA-4BFC-A85C-823B12E99CBF} = {A4328B35-8BA0-4E6C-93CD-CFD0E0AC035D}
		{F0F9F9F3-2032-45F2-805C-60D2EFB4DCD9} = {A4328B35-8BA0-4E6C-93CD-CFD0E0AC035D}
		{CB0D116E-8537-4132-B1E7-B33F81112B55} = {F0F9F9F3-2032-45F2-805C-60D2EFB4DCD9}
		{83EF3857-72F6-474D-9CD4-FA53420B2CCD} = {F0F9F9F3-2032-45F2-805C-60D2EFB4DCD9}
		{D07E8A5D-2B3F-4BB1-A3B6-41127229EAEB} = {4750C61D-C2CA-4BFC-A85C-823B12E99CBF}
		{10F0CE3E-7FF6-48F9-A8C7-7037818B539F} = {4750C61D-C2CA-4BFC-A85C-823B12E99CBF}
	EndGlobalSection
	GlobalSection(ExtensibilityGlobals) = postSolution
		SolutionGuid = {64B06B8F-9FCC-4F56-8A18-107D1C551EED}
	EndGlobalSection
EndGlobal
